
Microsoft Visual Studio Solution File, Format Version 12.00
# Visual Studio Version 16
VisualStudioVersion = 16.0.30114.105
MinimumVisualStudioVersion = 10.0.40219.1
Project("{FAE04EC0-301F-11D3-BF4B-00C04F79EFBC}") = "1026ExemploListas", "1026ExemploListas\1026ExemploListas.csproj", "{D73E7275-F441-4E99-BE92-C833E1F9C8AA}"
EndProject
Global
	GlobalSection(SolutionConfigurationPlatforms) = preSolution
		Debug|Any CPU = Debug|Any CPU
		Release|Any CPU = Release|Any CPU
	EndGlobalSection
	GlobalSection(ProjectConfigurationPlatforms) = postSolution
		{D73E7275-F441-4E99-BE92-C833E1F9C8AA}.Debug|Any CPU.ActiveCfg = Debug|Any CPU
		{D73E7275-F441-4E99-BE92-C833E1F9C8AA}.Debug|Any CPU.Build.0 = Debug|Any CPU
		{D73E7275-F441-4E99-BE92-C833E1F9C8AA}.Release|Any CPU.ActiveCfg = Release|Any CPU
		{D73E7275-F441-4E99-BE92-C833E1F9C8AA}.Release|Any CPU.Build.0 = Release|Any CPU
	EndGlobalSection
	GlobalSection(SolutionProperties) = preSolution
		HideSolutionNode = FALSE
	EndGlobalSection
	GlobalSection(ExtensibilityGlobals) = postSolution
		SolutionGuid = {EBF91F6A-FF01-425C-B1F9-706E80CB978C}
	EndGlobalSection
EndGlobal
