
Microsoft Visual Studio Solution File, Format Version 12.00
# Visual Studio Version 16
VisualStudioVersion = 16.0.30114.105
MinimumVisualStudioVersion = 10.0.40219.1
Project("{FAE04EC0-301F-11D3-BF4B-00C04F79EFBC}") = "Produto_ToString", "Produto_ToString\Produto_ToString.csproj", "{B0C8C088-8E48-42A8-A127-BDD40A454654}"
EndProject
Global
	GlobalSection(SolutionConfigurationPlatforms) = preSolution
		Debug|Any CPU = Debug|Any CPU
		Release|Any CPU = Release|Any CPU
	EndGlobalSection
	GlobalSection(ProjectConfigurationPlatforms) = postSolution
		{B0C8C088-8E48-42A8-A127-BDD40A454654}.Debug|Any CPU.ActiveCfg = Debug|Any CPU
		{B0C8C088-8E48-42A8-A127-BDD40A454654}.Debug|Any CPU.Build.0 = Debug|Any CPU
		{B0C8C088-8E48-42A8-A127-BDD40A454654}.Release|Any CPU.ActiveCfg = Release|Any CPU
		{B0C8C088-8E48-42A8-A127-BDD40A454654}.Release|Any CPU.Build.0 = Release|Any CPU
	EndGlobalSection
	GlobalSection(SolutionProperties) = preSolution
		HideSolutionNode = FALSE
	EndGlobalSection
	GlobalSection(ExtensibilityGlobals) = postSolution
		SolutionGuid = {4506BD1A-34FF-4F48-AAF5-6C3D9A17CFC7}
	EndGlobalSection
EndGlobal
